
Microsoft Visual Studio Solution File, Format Version 12.00
# Visual Studio Version 16
VisualStudioVersion = 16.0.29806.167
MinimumVisualStudioVersion = 10.0.40219.1
Project("{FAE04EC0-301F-11D3-BF4B-00C04F79EFBC}") = "pa6", "pa6\pa6.csproj", "{E1D8DC65-E55F-4882-A2CD-0031EBFEDFDE}"
EndProject
Global
	GlobalSection(SolutionConfigurationPlatforms) = preSolution
		Debug|Any CPU = Debug|Any CPU
		Release|Any CPU = Release|Any CPU
	EndGlobalSection
	GlobalSection(ProjectConfigurationPlatforms) = postSolution
		{E1D8DC65-E55F-4882-A2CD-0031EBFEDFDE}.Debug|Any CPU.ActiveCfg = Debug|Any CPU
		{E1D8DC65-E55F-4882-A2CD-0031EBFEDFDE}.Debug|Any CPU.Build.0 = Debug|Any CPU
		{E1D8DC65-E55F-4882-A2CD-0031EBFEDFDE}.Release|Any CPU.ActiveCfg = Release|Any CPU
		{E1D8DC65-E55F-4882-A2CD-0031EBFEDFDE}.Release|Any CPU.Build.0 = Release|Any CPU
	EndGlobalSection
	GlobalSection(SolutionProperties) = preSolution
		HideSolutionNode = FALSE
	EndGlobalSection
	GlobalSection(ExtensibilityGlobals) = postSolution
		SolutionGuid = {7624BD4A-531F-40B7-B78E-F659B7D66520}
	EndGlobalSection
EndGlobal
